
Microsoft Visual Studio Solution File, Format Version 12.00
# Visual Studio 2012
Project("{FAE04EC0-301F-11D3-BF4B-00C04F79EFBC}") = "Qbradeira.Droid", "Qbradeira.Droid.csproj", "{733D1FDF-E4D3-4FCB-9D96-7CCE69E57EBD}"
EndProject
Project("{FAE04EC0-301F-11D3-BF4B-00C04F79EFBC}") = "Qbradeira.Droid.UITests", "Qbradeira.Droid.UITests\Qbradeira.Droid.UITests.csproj", "{B08B35F5-A535-4041-92EB-911C847D84CC}"
EndProject
Global
	GlobalSection(SolutionConfigurationPlatforms) = preSolution
		Debug|Any CPU = Debug|Any CPU
		Release|Any CPU = Release|Any CPU
	EndGlobalSection
	GlobalSection(ProjectConfigurationPlatforms) = postSolution
		{733D1FDF-E4D3-4FCB-9D96-7CCE69E57EBD}.Debug|Any CPU.ActiveCfg = Debug|Any CPU
		{733D1FDF-E4D3-4FCB-9D96-7CCE69E57EBD}.Debug|Any CPU.Build.0 = Debug|Any CPU
		{733D1FDF-E4D3-4FCB-9D96-7CCE69E57EBD}.Release|Any CPU.ActiveCfg = Release|Any CPU
		{733D1FDF-E4D3-4FCB-9D96-7CCE69E57EBD}.Release|Any CPU.Build.0 = Release|Any CPU
		{B08B35F5-A535-4041-92EB-911C847D84CC}.Debug|Any CPU.ActiveCfg = Debug|Any CPU
		{B08B35F5-A535-4041-92EB-911C847D84CC}.Debug|Any CPU.Build.0 = Debug|Any CPU
		{B08B35F5-A535-4041-92EB-911C847D84CC}.Release|Any CPU.ActiveCfg = Release|Any CPU
		{B08B35F5-A535-4041-92EB-911C847D84CC}.Release|Any CPU.Build.0 = Release|Any CPU
	EndGlobalSection
EndGlobal
